// !$*UTF8*$!
{
	archiveVersion = 1;
	classes = {
	};
	objectVersion = 48;
	objects = {

/* Begin PBXBuildFile section */
		84189C351FDBFBC500811569 /* Main.storyboard in Resources */ = {isa = PBXBuildFile; fileRef = 84189C331FDBFBC500811569 /* Main.storyboard */; };
		84189C371FDBFBC500811569 /* Assets.xcassets in Resources */ = {isa = PBXBuildFile; fileRef = 84189C361FDBFBC500811569 /* Assets.xcassets */; };
		84189C3A1FDBFBC500811569 /* LaunchScreen.storyboard in Resources */ = {isa = PBXBuildFile; fileRef = 84189C381FDBFBC500811569 /* LaunchScreen.storyboard */; };
		84189C3D1FDBFBC500811569 /* main.m in Sources */ = {isa = PBXBuildFile; fileRef = 84189C3C1FDBFBC500811569 /* main.m */; };
		84189C4E1FDBFC2D00811569 /* AppDelegate.m in Sources */ = {isa = PBXBuildFile; fileRef = 84189C451FDBFC2800811569 /* AppDelegate.m */; };
		84189C4F1FDBFC2E00811569 /* FirstViewController.m in Sources */ = {isa = PBXBuildFile; fileRef = 84189C491FDBFC2800811569 /* FirstViewController.m */; };
		84189C501FDBFC2E00811569 /* SecondViewController.m in Sources */ = {isa = PBXBuildFile; fileRef = 84189C4C1FDBFC2800811569 /* SecondViewController.m */; };
		84189C531FDBFCBF00811569 /* SettingsViewController.m in Sources */ = {isa = PBXBuildFile; fileRef = 84189C521FDBFCBF00811569 /* SettingsViewController.m */; };
		84189C591FDBFD9200811569 /* SimpleTableViewCell.m in Sources */ = {isa = PBXBuildFile; fileRef = 84189C581FDBFD9200811569 /* SimpleTableViewCell.m */; };
		845BB93E1FDC24DD003BBF8B /* SimpleCollectionViewCell.m in Sources */ = {isa = PBXBuildFile; fileRef = 845BB93D1FDC24DD003BBF8B /* SimpleCollectionViewCell.m */; };
/* End PBXBuildFile section */

/* Begin PBXFileReference section */
		84189C271FDBFBC500811569 /* TabBarAppObjC.app */ = {isa = PBXFileReference; explicitFileType = wrapper.application; includeInIndex = 0; path = TabBarAppObjC.app; sourceTree = BUILT_PRODUCTS_DIR; };
		84189C341FDBFBC500811569 /* Base */ = {isa = PBXFileReference; lastKnownFileType = file.storyboard; name = Base; path = Base.lproj/Main.storyboard; sourceTree = "<group>"; };
		84189C361FDBFBC500811569 /* Assets.xcassets */ = {isa = PBXFileReference; lastKnownFileType = folder.assetcatalog; path = Assets.xcassets; sourceTree = "<group>"; };
		84189C391FDBFBC500811569 /* Base */ = {isa = PBXFileReference; lastKnownFileType = file.storyboard; name = Base; path = Base.lproj/LaunchScreen.storyboard; sourceTree = "<group>"; };
		84189C3B1FDBFBC500811569 /* Info.plist */ = {isa = PBXFileReference; lastKnownFileType = text.plist.xml; path = Info.plist; sourceTree = "<group>"; };
		84189C3C1FDBFBC500811569 /* main.m */ = {isa = PBXFileReference; lastKnownFileType = sourcecode.c.objc; path = main.m; sourceTree = "<group>"; };
		84189C441FDBFC2800811569 /* AppDelegate.h */ = {isa = PBXFileReference; lastKnownFileType = sourcecode.c.h; path = AppDelegate.h; sourceTree = "<group>"; };
		84189C451FDBFC2800811569 /* AppDelegate.m */ = {isa = PBXFileReference; lastKnownFileType = sourcecode.c.objc; path = AppDelegate.m; sourceTree = "<group>"; };
		84189C481FDBFC2800811569 /* FirstViewController.h */ = {isa = PBXFileReference; lastKnownFileType = sourcecode.c.h; path = FirstViewController.h; sourceTree = "<group>"; };
		84189C491FDBFC2800811569 /* FirstViewController.m */ = {isa = PBXFileReference; lastKnownFileType = sourcecode.c.objc; path = FirstViewController.m; sourceTree = "<group>"; };
		84189C4B1FDBFC2800811569 /* SecondViewController.h */ = {isa = PBXFileReference; lastKnownFileType = sourcecode.c.h; path = SecondViewController.h; sourceTree = "<group>"; };
		84189C4C1FDBFC2800811569 /* SecondViewController.m */ = {isa = PBXFileReference; lastKnownFileType = sourcecode.c.objc; path = SecondViewController.m; sourceTree = "<group>"; };
		84189C511FDBFCBF00811569 /* SettingsViewController.h */ = {isa = PBXFileReference; lastKnownFileType = sourcecode.c.h; path = SettingsViewController.h; sourceTree = "<group>"; };
		84189C521FDBFCBF00811569 /* SettingsViewController.m */ = {isa = PBXFileReference; lastKnownFileType = sourcecode.c.objc; path = SettingsViewController.m; sourceTree = "<group>"; };
		84189C571FDBFD9200811569 /* SimpleTableViewCell.h */ = {isa = PBXFileReference; lastKnownFileType = sourcecode.c.h; path = SimpleTableViewCell.h; sourceTree = "<group>"; };
		84189C581FDBFD9200811569 /* SimpleTableViewCell.m */ = {isa = PBXFileReference; lastKnownFileType = sourcecode.c.objc; path = SimpleTableViewCell.m; sourceTree = "<group>"; };
		845BB93C1FDC24DD003BBF8B /* SimpleCollectionViewCell.h */ = {isa = PBXFileReference; lastKnownFileType = sourcecode.c.h; path = SimpleCollectionViewCell.h; sourceTree = "<group>"; };
		845BB93D1FDC24DD003BBF8B /* SimpleCollectionViewCell.m */ = {isa = PBXFileReference; lastKnownFileType = sourcecode.c.objc; path = SimpleCollectionViewCell.m; sourceTree = "<group>"; };
/* End PBXFileReference section */

/* Begin PBXFrameworksBuildPhase section */
		84189C241FDBFBC500811569 /* Frameworks */ = {
			isa = PBXFrameworksBuildPhase;
			buildActionMask = 2147483647;
			files = (
			);
			runOnlyForDeploymentPostprocessing = 0;
		};
/* End PBXFrameworksBuildPhase section */

/* Begin PBXGroup section */
		84189C1E1FDBFBC500811569 = {
			isa = PBXGroup;
			children = (
				84189C291FDBFBC500811569 /* TabBarAppObjC */,
				84189C281FDBFBC500811569 /* Products */,
			);
			sourceTree = "<group>";
		};
		84189C281FDBFBC500811569 /* Products */ = {
			isa = PBXGroup;
			children = (
				84189C271FDBFBC500811569 /* TabBarAppObjC.app */,
			);
			name = Products;
			sourceTree = "<group>";
		};
		84189C291FDBFBC500811569 /* TabBarAppObjC */ = {
			isa = PBXGroup;
			children = (
				84189C431FDBFC2800811569 /* AppDelegate */,
				84189C461FDBFC2800811569 /* ViewControllers */,
				84189C541FDBFD7D00811569 /* CustomCells */,
				84189C331FDBFBC500811569 /* Main.storyboard */,
				84189C361FDBFBC500811569 /* Assets.xcassets */,
				84189C381FDBFBC500811569 /* LaunchScreen.storyboard */,
				84189C3B1FDBFBC500811569 /* Info.plist */,
				84189C3C1FDBFBC500811569 /* main.m */,
			);
			path = TabBarAppObjC;
			sourceTree = "<group>";
		};
		84189C431FDBFC2800811569 /* AppDelegate */ = {
			isa = PBXGroup;
			children = (
				84189C441FDBFC2800811569 /* AppDelegate.h */,
				84189C451FDBFC2800811569 /* AppDelegate.m */,
			);
			path = AppDelegate;
			sourceTree = "<group>";
		};
		84189C461FDBFC2800811569 /* ViewControllers */ = {
			isa = PBXGroup;
			children = (
				84189C471FDBFC2800811569 /* FirstViewController */,
				84189C4A1FDBFC2800811569 /* SecondViewController */,
				84189C4D1FDBFC2800811569 /* SettingsViewController */,
			);
			path = ViewControllers;
			sourceTree = "<group>";
		};
		84189C471FDBFC2800811569 /* FirstViewController */ = {
			isa = PBXGroup;
			children = (
				84189C481FDBFC2800811569 /* FirstViewController.h */,
				84189C491FDBFC2800811569 /* FirstViewController.m */,
			);
			path = FirstViewController;
			sourceTree = "<group>";
		};
		84189C4A1FDBFC2800811569 /* SecondViewController */ = {
			isa = PBXGroup;
			children = (
				84189C4B1FDBFC2800811569 /* SecondViewController.h */,
				84189C4C1FDBFC2800811569 /* SecondViewController.m */,
			);
			path = SecondViewController;
			sourceTree = "<group>";
		};
		84189C4D1FDBFC2800811569 /* SettingsViewController */ = {
			isa = PBXGroup;
			children = (
				84189C511FDBFCBF00811569 /* SettingsViewController.h */,
				84189C521FDBFCBF00811569 /* SettingsViewController.m */,
			);
			path = SettingsViewController;
			sourceTree = "<group>";
		};
		84189C541FDBFD7D00811569 /* CustomCells */ = {
			isa = PBXGroup;
			children = (
				84189C551FDBFD7D00811569 /* SimpleCollectionViewCell */,
				84189C561FDBFD7D00811569 /* SimpleTableViewCell */,
			);
			path = CustomCells;
			sourceTree = "<group>";
		};
		84189C551FDBFD7D00811569 /* SimpleCollectionViewCell */ = {
			isa = PBXGroup;
			children = (
				845BB93C1FDC24DD003BBF8B /* SimpleCollectionViewCell.h */,
				845BB93D1FDC24DD003BBF8B /* SimpleCollectionViewCell.m */,
			);
			path = SimpleCollectionViewCell;
			sourceTree = "<group>";
		};
		84189C561FDBFD7D00811569 /* SimpleTableViewCell */ = {
			isa = PBXGroup;
			children = (
				84189C571FDBFD9200811569 /* SimpleTableViewCell.h */,
				84189C581FDBFD9200811569 /* SimpleTableViewCell.m */,
			);
			path = SimpleTableViewCell;
			sourceTree = "<group>";
		};
/* End PBXGroup section */

/* Begin PBXNativeTarget section */
		84189C261FDBFBC500811569 /* TabBarAppObjC */ = {
			isa = PBXNativeTarget;
			buildConfigurationList = 84189C401FDBFBC500811569 /* Build configuration list for PBXNativeTarget "TabBarAppObjC" */;
			buildPhases = (
				84189C231FDBFBC500811569 /* Sources */,
				84189C241FDBFBC500811569 /* Frameworks */,
				84189C251FDBFBC500811569 /* Resources */,
			);
			buildRules = (
			);
			dependencies = (
			);
			name = TabBarAppObjC;
			productName = TabBarAppObjC;
			productReference = 84189C271FDBFBC500811569 /* TabBarAppObjC.app */;
			productType = "com.apple.product-type.application";
		};
/* End PBXNativeTarget section */

/* Begin PBXProject section */
		84189C1F1FDBFBC500811569 /* Project object */ = {
			isa = PBXProject;
			attributes = {
				LastUpgradeCheck = 0900;
				ORGANIZATIONNAME = "Chandra Rao";
				TargetAttributes = {
					84189C261FDBFBC500811569 = {
						CreatedOnToolsVersion = 9.0;
						ProvisioningStyle = Manual;
					};
				};
			};
			buildConfigurationList = 84189C221FDBFBC500811569 /* Build configuration list for PBXProject "TabBarAppObjC" */;
			compatibilityVersion = "Xcode 8.0";
			developmentRegion = en;
			hasScannedForEncodings = 0;
			knownRegions = (
				en,
				Base,
			);
			mainGroup = 84189C1E1FDBFBC500811569;
			productRefGroup = 84189C281FDBFBC500811569 /* Products */;
			projectDirPath = "";
			projectRoot = "";
			targets = (
				84189C261FDBFBC500811569 /* TabBarAppObjC */,
			);
		};
/* End PBXProject section */

/* Begin PBXResourcesBuildPhase section */
		84189C251FDBFBC500811569 /* Resources */ = {
			isa = PBXResourcesBuildPhase;
			buildActionMask = 2147483647;
			files = (
				84189C3A1FDBFBC500811569 /* LaunchScreen.storyboard in Resources */,
				84189C371FDBFBC500811569 /* Assets.xcassets in Resources */,
				84189C351FDBFBC500811569 /* Main.storyboard in Resources */,
			);
			runOnlyForDeploymentPostprocessing = 0;
		};
/* End PBXResourcesBuildPhase section */

/* Begin PBXSourcesBuildPhase section */
		84189C231FDBFBC500811569 /* Sources */ = {
			isa = PBXSourcesBuildPhase;
			buildActionMask = 2147483647;
			files = (
				84189C4E1FDBFC2D00811569 /* AppDelegate.m in Sources */,
				845BB93E1FDC24DD003BBF8B /* SimpleCollectionViewCell.m in Sources */,
				84189C591FDBFD9200811569 /* SimpleTableViewCell.m in Sources */,
				84189C4F1FDBFC2E00811569 /* FirstViewController.m in Sources */,
				84189C531FDBFCBF00811569 /* SettingsViewController.m in Sources */,
				84189C501FDBFC2E00811569 /* SecondViewController.m in Sources */,
				84189C3D1FDBFBC500811569 /* main.m in Sources */,
			);
			runOnlyForDeploymentPostprocessing = 0;
		};
/* End PBXSourcesBuildPhase section */

/* Begin PBXVariantGroup section */
		84189C331FDBFBC500811569 /* Main.storyboard */ = {
			isa = PBXVariantGroup;
			children = (
				84189C341FDBFBC500811569 /* Base */,
			);
			name = Main.storyboard;
			sourceTree = "<group>";
		};
		84189C381FDBFBC500811569 /* LaunchScreen.storyboard */ = {
			isa = PBXVariantGroup;
			children = (
				84189C391FDBFBC500811569 /* Base */,
			);
			name = LaunchScreen.storyboard;
			sourceTree = "<group>";
		};
/* End PBXVariantGroup section */

/* Begin XCBuildConfiguration section */
		84189C3E1FDBFBC500811569 /* Debug */ = {
			isa = XCBuildConfiguration;
			buildSettings = {
				ALWAYS_SEARCH_USER_PATHS = NO;
				CLANG_ANALYZER_NONNULL = YES;
				CLANG_ANALYZER_NUMBER_OBJECT_CONVERSION = YES_AGGRESSIVE;
				CLANG_CXX_LANGUAGE_STANDARD = "gnu++14";
				CLANG_CXX_LIBRARY = "libc++";
				CLANG_ENABLE_MODULES = YES;
				CLANG_ENABLE_OBJC_ARC = YES;
				CLANG_WARN_BLOCK_CAPTURE_AUTORELEASING = YES;
				CLANG_WARN_BOOL_CONVERSION = YES;
				CLANG_WARN_COMMA = YES;
				CLANG_WARN_CONSTANT_CONVERSION = YES;
				CLANG_WARN_DIRECT_OBJC_ISA_USAGE = YES_ERROR;
				CLANG_WARN_DOCUMENTATION_COMMENTS = YES;
				CLANG_WARN_EMPTY_BODY = YES;
				CLANG_WARN_ENUM_CONVERSION = YES;
				CLANG_WARN_INFINITE_RECURSION = YES;
				CLANG_WARN_INT_CONVERSION = YES;
				CLANG_WARN_NON_LITERAL_NULL_CONVERSION = YES;
				CLANG_WARN_OBJC_LITERAL_CONVERSION = YES;
				CLANG_WARN_OBJC_ROOT_CLASS = YES_ERROR;
				CLANG_WARN_RANGE_LOOP_ANALYSIS = YES;
				CLANG_WARN_STRICT_PROTOTYPES = YES;
				CLANG_WARN_SUSPICIOUS_MOVE = YES;
				CLANG_WARN_UNGUARDED_AVAILABILITY = YES_AGGRESSIVE;
				CLANG_WARN_UNREACHABLE_CODE = YES;
				CLANG_WARN__DUPLICATE_METHOD_MATCH = YES;
				CODE_SIGN_IDENTITY = "iPhone Developer";
				COPY_PHASE_STRIP = NO;
				DEBUG_INFORMATION_FORMAT = dwarf;
				ENABLE_STRICT_OBJC_MSGSEND = YES;
				ENABLE_TESTABILITY = YES;
				GCC_C_LANGUAGE_STANDARD = gnu11;
				GCC_DYNAMIC_NO_PIC = NO;
				GCC_NO_COMMON_BLOCKS = YES;
				GCC_OPTIMIZATION_LEVEL = 0;
				GCC_PREPROCESSOR_DEFINITIONS = (
					"DEBUG=1",
					"$(inherited)",
				);
				GCC_WARN_64_TO_32_BIT_CONVERSION = YES;
				GCC_WARN_ABOUT_RETURN_TYPE = YES_ERROR;
				GCC_WARN_UNDECLARED_SELECTOR = YES;
				GCC_WARN_UNINITIALIZED_AUTOS = YES_AGGRESSIVE;
				GCC_WARN_UNUSED_FUNCTION = YES;
				GCC_WARN_UNUSED_VARIABLE = YES;
				IPHONEOS_DEPLOYMENT_TARGET = 11.0;
				MTL_ENABLE_DEBUG_INFO = YES;
				ONLY_ACTIVE_ARCH = YES;
				SDKROOT = iphoneos;
			};
			name = Debug;
		};
		84189C3F1FDBFBC500811569 /* Release */ = {
			isa = XCBuildConfiguration;
			buildSettings = {
				ALWAYS_SEARCH_USER_PATHS = NO;
				CLANG_ANALYZER_NONNULL = YES;
				CLANG_ANALYZER_NUMBER_OBJECT_CONVERSION = YES_AGGRESSIVE;
				CLANG_CXX_LANGUAGE_STANDARD = "gnu++14";
				CLANG_CXX_LIBRARY = "libc++";
				CLANG_ENABLE_MODULES = YES;
				CLANG_ENABLE_OBJC_ARC = YES;
				CLANG_WARN_BLOCK_CAPTURE_AUTORELEASING = YES;
				CLANG_WARN_BOOL_CONVERSION = YES;
				CLANG_WARN_COMMA = YES;
				CLANG_WARN_CONSTANT_CONVERSION = YES;
				CLANG_WARN_DIRECT_OBJC_ISA_USAGE = YES_ERROR;
				CLANG_WARN_DOCUMENTATION_COMMENTS = YES;
				CLANG_WARN_EMPTY_BODY = YES;
				CLANG_WARN_ENUM_CONVERSION = YES;
				CLANG_WARN_INFINITE_RECURSION = YES;
				CLANG_WARN_INT_CONVERSION = YES;
				CLANG_WARN_NON_LITERAL_NULL_CONVERSION = YES;
				CLANG_WARN_OBJC_LITERAL_CONVERSION = YES;
				CLANG_WARN_OBJC_ROOT_CLASS = YES_ERROR;
				CLANG_WARN_RANGE_LOOP_ANALYSIS = YES;
				CLANG_WARN_STRICT_PROTOTYPES = YES;
				CLANG_WARN_SUSPICIOUS_MOVE = YES;
				CLANG_WARN_UNGUARDED_AVAILABILITY = YES_AGGRESSIVE;
				CLANG_WARN_UNREACHABLE_CODE = YES;
				CLANG_WARN__DUPLICATE_METHOD_MATCH = YES;
				CODE_SIGN_IDENTITY = "iPhone Developer";
				COPY_PHASE_STRIP = NO;
				DEBUG_INFORMATION_FORMAT = "dwarf-with-dsym";
				ENABLE_NS_ASSERTIONS = NO;
				ENABLE_STRICT_OBJC_MSGSEND = YES;
				GCC_C_LANGUAGE_STANDARD = gnu11;
				GCC_NO_COMMON_BLOCKS = YES;
				GCC_WARN_64_TO_32_BIT_CONVERSION = YES;
				GCC_WARN_ABOUT_RETURN_TYPE = YES_ERROR;
				GCC_WARN_UNDECLARED_SELECTOR = YES;
				GCC_WARN_UNINITIALIZED_AUTOS = YES_AGGRESSIVE;
				GCC_WARN_UNUSED_FUNCTION = YES;
				GCC_WARN_UNUSED_VARIABLE = YES;
				IPHONEOS_DEPLOYMENT_TARGET = 11.0;
				MTL_ENABLE_DEBUG_INFO = NO;
				SDKROOT = iphoneos;
				VALIDATE_PRODUCT = YES;
			};
			name = Release;
		};
		84189C411FDBFBC500811569 /* Debug */ = {
			isa = XCBuildConfiguration;
			buildSettings = {
				ASSETCATALOG_COMPILER_APPICON_NAME = AppIcon;
				CODE_SIGN_STYLE = Manual;
				DEVELOPMENT_TEAM = "";
				INFOPLIST_FILE = TabBarAppObjC/Info.plist;
				LD_RUNPATH_SEARCH_PATHS = "$(inherited) @executable_path/Frameworks";
				PRODUCT_BUNDLE_IDENTIFIER = com.test.test.TabBarAppObjC;
				PRODUCT_NAME = "$(TARGET_NAME)";
				PROVISIONING_PROFILE_SPECIFIER = "";
				TARGETED_DEVICE_FAMILY = "1,2";
			};
			name = Debug;
		};
		84189C421FDBFBC500811569 /* Release */ = {
			isa = XCBuildConfiguration;
			buildSettings = {
				ASSETCATALOG_COMPILER_APPICON_NAME = AppIcon;
				CODE_SIGN_STYLE = Manual;
				DEVELOPMENT_TEAM = "";
				INFOPLIST_FILE = TabBarAppObjC/Info.plist;
				LD_RUNPATH_SEARCH_PATHS = "$(inherited) @executable_path/Frameworks";
				PRODUCT_BUNDLE_IDENTIFIER = com.test.test.TabBarAppObjC;
				PRODUCT_NAME = "$(TARGET_NAME)";
				PROVISIONING_PROFILE_SPECIFIER = "";
				TARGETED_DEVICE_FAMILY = "1,2";
			};
			name = Release;
		};
/* End XCBuildConfiguration section */

/* Begin XCConfigurationList section */
		84189C221FDBFBC500811569 /* Build configuration list for PBXProject "TabBarAppObjC" */ = {
			isa = XCConfigurationList;
			buildConfigurations = (
				84189C3E1FDBFBC500811569 /* Debug */,
				84189C3F1FDBFBC500811569 /* Release */,
			);
			defaultConfigurationIsVisible = 0;
			defaultConfigurationName = Release;
		};
		84189C401FDBFBC500811569 /* Build configuration list for PBXNativeTarget "TabBarAppObjC" */ = {
			isa = XCConfigurationList;
			buildConfigurations = (
				84189C411FDBFBC500811569 /* Debug */,
				84189C421FDBFBC500811569 /* Release */,
			);
			defaultConfigurationIsVisible = 0;
			defaultConfigurationName = Release;
		};
/* End XCConfigurationList section */
	};
	rootObject = 84189C1F1FDBFBC500811569 /* Project object */;
}
